
Microsoft Visual Studio Solution File, Format Version 12.00
# Visual Studio Version 16
VisualStudioVersion = 16.0.34729.46
MinimumVisualStudioVersion = 10.0.40219.1
Project("{FAE04EC0-301F-11D3-BF4B-00C04F79EFBC}") = "6 лаба", "6 лаба\6 лаба.csproj", "{C6643BFD-19FD-4192-ABC7-034094EBD87B}"
EndProject
Global
	GlobalSection(SolutionConfigurationPlatforms) = preSolution
		Debug|Any CPU = Debug|Any CPU
		Release|Any CPU = Release|Any CPU
	EndGlobalSection
	GlobalSection(ProjectConfigurationPlatforms) = postSolution
		{C6643BFD-19FD-4192-ABC7-034094EBD87B}.Debug|Any CPU.ActiveCfg = Debug|Any CPU
		{C6643BFD-19FD-4192-ABC7-034094EBD87B}.Debug|Any CPU.Build.0 = Debug|Any CPU
		{C6643BFD-19FD-4192-ABC7-034094EBD87B}.Release|Any CPU.ActiveCfg = Release|Any CPU
		{C6643BFD-19FD-4192-ABC7-034094EBD87B}.Release|Any CPU.Build.0 = Release|Any CPU
	EndGlobalSection
	GlobalSection(SolutionProperties) = preSolution
		HideSolutionNode = FALSE
	EndGlobalSection
	GlobalSection(ExtensibilityGlobals) = postSolution
		SolutionGuid = {EBBD2817-54AE-4EAE-AEE5-393D9D992835}
	EndGlobalSection
EndGlobal
